
Microsoft Visual Studio Solution File, Format Version 12.00
# Visual Studio Version 16
VisualStudioVersion = 16.0.810.21
MinimumVisualStudioVersion = 10.0.40219.1
Project("{FAE04EC0-301F-11D3-BF4B-00C04F79EFBC}") = "tibberToInfluxDB", "tibberToInfluxDB\tibberToInfluxDB.csproj", "{DFA946CE-342F-476A-A2E9-F695E5B04BB6}"
EndProject
Global
	GlobalSection(SolutionConfigurationPlatforms) = preSolution
		Debug|Any CPU = Debug|Any CPU
		Release|Any CPU = Release|Any CPU
	EndGlobalSection
	GlobalSection(ProjectConfigurationPlatforms) = postSolution
		{DFA946CE-342F-476A-A2E9-F695E5B04BB6}.Debug|Any CPU.ActiveCfg = Debug|Any CPU
		{DFA946CE-342F-476A-A2E9-F695E5B04BB6}.Debug|Any CPU.Build.0 = Debug|Any CPU
		{DFA946CE-342F-476A-A2E9-F695E5B04BB6}.Release|Any CPU.ActiveCfg = Release|Any CPU
		{DFA946CE-342F-476A-A2E9-F695E5B04BB6}.Release|Any CPU.Build.0 = Release|Any CPU
	EndGlobalSection
	GlobalSection(SolutionProperties) = preSolution
		HideSolutionNode = FALSE
	EndGlobalSection
	GlobalSection(ExtensibilityGlobals) = postSolution
		SolutionGuid = {74A30D75-A603-4A8D-811B-2F1A6F3D9D67}
	EndGlobalSection
EndGlobal
